
Microsoft Visual Studio Solution File, Format Version 12.00
# Visual Studio Version 17
VisualStudioVersion = 17.11.35312.102
MinimumVisualStudioVersion = 10.0.40219.1
Project("{FAE04EC0-301F-11D3-BF4B-00C04F79EFBC}") = "Week13QLiteDB", "Week13QLiteDB\Week13QLiteDB.csproj", "{8C5C1136-EE40-495B-80AC-AF78A607D832}"
EndProject
Global
	GlobalSection(SolutionConfigurationPlatforms) = preSolution
		Debug|Any CPU = Debug|Any CPU
		Release|Any CPU = Release|Any CPU
	EndGlobalSection
	GlobalSection(ProjectConfigurationPlatforms) = postSolution
		{8C5C1136-EE40-495B-80AC-AF78A607D832}.Debug|Any CPU.ActiveCfg = Debug|Any CPU
		{8C5C1136-EE40-495B-80AC-AF78A607D832}.Debug|Any CPU.Build.0 = Debug|Any CPU
		{8C5C1136-EE40-495B-80AC-AF78A607D832}.Release|Any CPU.ActiveCfg = Release|Any CPU
		{8C5C1136-EE40-495B-80AC-AF78A607D832}.Release|Any CPU.Build.0 = Release|Any CPU
	EndGlobalSection
	GlobalSection(SolutionProperties) = preSolution
		HideSolutionNode = FALSE
	EndGlobalSection
	GlobalSection(ExtensibilityGlobals) = postSolution
		SolutionGuid = {10D594A7-CF48-4150-A8E3-A560787F5E6B}
	EndGlobalSection
EndGlobal
